PODS:
  - Kingfisher (5.14.1):
    - Kingfisher/Core (= 5.14.1)
  - Kingfisher/Core (5.14.1)
  - ZoomableImageSlider (3.0.1):
    - Kingfisher (= 5.14.1)

DEPENDENCIES:
  - ZoomableImageSlider (from `../`)

SPEC REPOS:
  trunk:
    - Kingfisher

EXTERNAL SOURCES:
  ZoomableImageSlider:
    :path: "../"

SPEC CHECKSUMS:
  Kingfisher: 8050bc6f7f68cbf3908bd04df7ccbac188f6d6d6
  ZoomableImageSlider: d83c275765d6f9f6e23d1ae05f1b513e564b632e

PODFILE CHECKSUM: c86acf71ba1389ae97888d048bae4532e48f5ff7

COCOAPODS: 1.9.3
