PODS:
  - Kingfisher (5.13.4):
    - Kingfisher/Core (= 5.13.4)
  - Kingfisher/Core (5.13.4)
  - ZoomableImageSlider (3.0.0):
    - Kingfisher

DEPENDENCIES:
  - ZoomableImageSlider (from `../`)

SPEC REPOS:
  trunk:
    - Kingfisher

EXTERNAL SOURCES:
  ZoomableImageSlider:
    :path: "../"

SPEC CHECKSUMS:
  Kingfisher: d2279a7abece3c7f25a80cd2b7f363ca5cf3f44c
  ZoomableImageSlider: bcfcbc6458e20ab16d1897ce26108d2611479f4b

PODFILE CHECKSUM: c86acf71ba1389ae97888d048bae4532e48f5ff7

COCOAPODS: 1.9.3
